// !$*UTF8*$!
{
	archiveVersion = 1;
	classes = {
	};
	objectVersion = 46;
	objects = {

/* Begin PBXBuildFile section */
		730823371BB1E9150055378C /* main.m in Sources */ = {isa = PBXBuildFile; fileRef = 730823361BB1E9150055378C /* main.m */; };
		7308233A1BB1E9150055378C /* AppDelegate.m in Sources */ = {isa = PBXBuildFile; fileRef = 730823391BB1E9150055378C /* AppDelegate.m */; };
		730823401BB1E9150055378C /* Main.storyboard in Resources */ = {isa = PBXBuildFile; fileRef = 7308233E1BB1E9150055378C /* Main.storyboard */; };
		730823421BB1E9150055378C /* Images.xcassets in Resources */ = {isa = PBXBuildFile; fileRef = 730823411BB1E9150055378C /* Images.xcassets */; };
		730823451BB1E9150055378C /* LaunchScreen.xib in Resources */ = {isa = PBXBuildFile; fileRef = 730823431BB1E9150055378C /* LaunchScreen.xib */; };
		730823511BB1E9160055378C /* BlocTalkTests.m in Sources */ = {isa = PBXBuildFile; fileRef = 730823501BB1E9160055378C /* BlocTalkTests.m */; };
		7308235C1BB1F9970055378C /* ConversationsViewController.m in Sources */ = {isa = PBXBuildFile; fileRef = 7308235B1BB1F9970055378C /* ConversationsViewController.m */; };
/* End PBXBuildFile section */

/* Begin PBXContainerItemProxy section */
		7308234B1BB1E9160055378C /* PBXContainerItemProxy */ = {
			isa = PBXContainerItemProxy;
			containerPortal = 730823291BB1E9150055378C /* Project object */;
			proxyType = 1;
			remoteGlobalIDString = 730823301BB1E9150055378C;
			remoteInfo = BlocTalk;
		};
/* End PBXContainerItemProxy section */

/* Begin PBXFileReference section */
		730823311BB1E9150055378C /* BlocTalk.app */ = {isa = PBXFileReference; explicitFileType = wrapper.application; includeInIndex = 0; path = BlocTalk.app; sourceTree = BUILT_PRODUCTS_DIR; };
		730823351BB1E9150055378C /* Info.plist */ = {isa = PBXFileReference; lastKnownFileType = text.plist.xml; path = Info.plist; sourceTree = "<group>"; };
		730823361BB1E9150055378C /* main.m */ = {isa = PBXFileReference; lastKnownFileType = sourcecode.c.objc; path = main.m; sourceTree = "<group>"; };
		730823381BB1E9150055378C /* AppDelegate.h */ = {isa = PBXFileReference; lastKnownFileType = sourcecode.c.h; path = AppDelegate.h; sourceTree = "<group>"; };
		730823391BB1E9150055378C /* AppDelegate.m */ = {isa = PBXFileReference; lastKnownFileType = sourcecode.c.objc; path = AppDelegate.m; sourceTree = "<group>"; };
		7308233F1BB1E9150055378C /* Base */ = {isa = PBXFileReference; lastKnownFileType = file.storyboard; name = Base; path = Base.lproj/Main.storyboard; sourceTree = "<group>"; };
		730823411BB1E9150055378C /* Images.xcassets */ = {isa = PBXFileReference; lastKnownFileType = folder.assetcatalog; path = Images.xcassets; sourceTree = "<group>"; };
		730823441BB1E9150055378C /* Base */ = {isa = PBXFileReference; lastKnownFileType = file.xib; name = Base; path = Base.lproj/LaunchScreen.xib; sourceTree = "<group>"; };
		7308234A1BB1E9160055378C /* BlocTalkTests.xctest */ = {isa = PBXFileReference; explicitFileType = wrapper.cfbundle; includeInIndex = 0; path = BlocTalkTests.xctest; sourceTree = BUILT_PRODUCTS_DIR; };
		7308234F1BB1E9160055378C /* Info.plist */ = {isa = PBXFileReference; lastKnownFileType = text.plist.xml; path = Info.plist; sourceTree = "<group>"; };
		730823501BB1E9160055378C /* BlocTalkTests.m */ = {isa = PBXFileReference; lastKnownFileType = sourcecode.c.objc; path = BlocTalkTests.m; sourceTree = "<group>"; };
		7308235A1BB1F9970055378C /* ConversationsViewController.h */ = {isa = PBXFileReference; fileEncoding = 4; lastKnownFileType = sourcecode.c.h; path = ConversationsViewController.h; sourceTree = "<group>"; };
		7308235B1BB1F9970055378C /* ConversationsViewController.m */ = {isa = PBXFileReference; fileEncoding = 4; lastKnownFileType = sourcecode.c.objc; path = ConversationsViewController.m; sourceTree = "<group>"; };
/* End PBXFileReference section */

/* Begin PBXFrameworksBuildPhase section */
		7308232E1BB1E9150055378C /* Frameworks */ = {
			isa = PBXFrameworksBuildPhase;
			buildActionMask = 2147483647;
			files = (
			);
			runOnlyForDeploymentPostprocessing = 0;
		};
		730823471BB1E9160055378C /* Frameworks */ = {
			isa = PBXFrameworksBuildPhase;
			buildActionMask = 2147483647;
			files = (
			);
			runOnlyForDeploymentPostprocessing = 0;
		};
/* End PBXFrameworksBuildPhase section */

/* Begin PBXGroup section */
		730823281BB1E9150055378C = {
			isa = PBXGroup;
			children = (
				730823331BB1E9150055378C /* BlocTalk */,
				7308234D1BB1E9160055378C /* BlocTalkTests */,
				730823321BB1E9150055378C /* Products */,
			);
			sourceTree = "<group>";
		};
		730823321BB1E9150055378C /* Products */ = {
			isa = PBXGroup;
			children = (
				730823311BB1E9150055378C /* BlocTalk.app */,
				7308234A1BB1E9160055378C /* BlocTalkTests.xctest */,
			);
			name = Products;
			sourceTree = "<group>";
		};
		730823331BB1E9150055378C /* BlocTalk */ = {
			isa = PBXGroup;
			children = (
				730823381BB1E9150055378C /* AppDelegate.h */,
				730823391BB1E9150055378C /* AppDelegate.m */,
				7308235A1BB1F9970055378C /* ConversationsViewController.h */,
				7308235B1BB1F9970055378C /* ConversationsViewController.m */,
				7308233E1BB1E9150055378C /* Main.storyboard */,
				730823411BB1E9150055378C /* Images.xcassets */,
				730823431BB1E9150055378C /* LaunchScreen.xib */,
				730823341BB1E9150055378C /* Supporting Files */,
			);
			path = BlocTalk;
			sourceTree = "<group>";
		};
		730823341BB1E9150055378C /* Supporting Files */ = {
			isa = PBXGroup;
			children = (
				730823351BB1E9150055378C /* Info.plist */,
				730823361BB1E9150055378C /* main.m */,
			);
			name = "Supporting Files";
			sourceTree = "<group>";
		};
		7308234D1BB1E9160055378C /* BlocTalkTests */ = {
			isa = PBXGroup;
			children = (
				730823501BB1E9160055378C /* BlocTalkTests.m */,
				7308234E1BB1E9160055378C /* Supporting Files */,
			);
			path = BlocTalkTests;
			sourceTree = "<group>";
		};
		7308234E1BB1E9160055378C /* Supporting Files */ = {
			isa = PBXGroup;
			children = (
				7308234F1BB1E9160055378C /* Info.plist */,
			);
			name = "Supporting Files";
			sourceTree = "<group>";
		};
/* End PBXGroup section */

/* Begin PBXNativeTarget section */
		730823301BB1E9150055378C /* BlocTalk */ = {
			isa = PBXNativeTarget;
			buildConfigurationList = 730823541BB1E9160055378C /* Build configuration list for PBXNativeTarget "BlocTalk" */;
			buildPhases = (
				7308232D1BB1E9150055378C /* Sources */,
				7308232E1BB1E9150055378C /* Frameworks */,
				7308232F1BB1E9150055378C /* Resources */,
			);
			buildRules = (
			);
			dependencies = (
			);
			name = BlocTalk;
			productName = BlocTalk;
			productReference = 730823311BB1E9150055378C /* BlocTalk.app */;
			productType = "com.apple.product-type.application";
		};
		730823491BB1E9160055378C /* BlocTalkTests */ = {
			isa = PBXNativeTarget;
			buildConfigurationList = 730823571BB1E9160055378C /* Build configuration list for PBXNativeTarget "BlocTalkTests" */;
			buildPhases = (
				730823461BB1E9160055378C /* Sources */,
				730823471BB1E9160055378C /* Frameworks */,
				730823481BB1E9160055378C /* Resources */,
			);
			buildRules = (
			);
			dependencies = (
				7308234C1BB1E9160055378C /* PBXTargetDependency */,
			);
			name = BlocTalkTests;
			productName = BlocTalkTests;
			productReference = 7308234A1BB1E9160055378C /* BlocTalkTests.xctest */;
			productType = "com.apple.product-type.bundle.unit-test";
		};
/* End PBXNativeTarget section */

/* Begin PBXProject section */
		730823291BB1E9150055378C /* Project object */ = {
			isa = PBXProject;
			attributes = {
				LastUpgradeCheck = 0630;
				ORGANIZATIONNAME = "Paulo Choi";
				TargetAttributes = {
					730823301BB1E9150055378C = {
						CreatedOnToolsVersion = 6.3.1;
					};
					730823491BB1E9160055378C = {
						CreatedOnToolsVersion = 6.3.1;
						TestTargetID = 730823301BB1E9150055378C;
					};
				};
			};
			buildConfigurationList = 7308232C1BB1E9150055378C /* Build configuration list for PBXProject "BlocTalk" */;
			compatibilityVersion = "Xcode 3.2";
			developmentRegion = English;
			hasScannedForEncodings = 0;
			knownRegions = (
				en,
				Base,
			);
			mainGroup = 730823281BB1E9150055378C;
			productRefGroup = 730823321BB1E9150055378C /* Products */;
			projectDirPath = "";
			projectRoot = "";
			targets = (
				730823301BB1E9150055378C /* BlocTalk */,
				730823491BB1E9160055378C /* BlocTalkTests */,
			);
		};
/* End PBXProject section */

/* Begin PBXResourcesBuildPhase section */
		7308232F1BB1E9150055378C /* Resources */ = {
			isa = PBXResourcesBuildPhase;
			buildActionMask = 2147483647;
			files = (
				730823401BB1E9150055378C /* Main.storyboard in Resources */,
				730823451BB1E9150055378C /* LaunchScreen.xib in Resources */,
				730823421BB1E9150055378C /* Images.xcassets in Resources */,
			);
			runOnlyForDeploymentPostprocessing = 0;
		};
		730823481BB1E9160055378C /* Resources */ = {
			isa = PBXResourcesBuildPhase;
			buildActionMask = 2147483647;
			files = (
			);
			runOnlyForDeploymentPostprocessing = 0;
		};
/* End PBXResourcesBuildPhase section */

/* Begin PBXSourcesBuildPhase section */
		7308232D1BB1E9150055378C /* Sources */ = {
			isa = PBXSourcesBuildPhase;
			buildActionMask = 2147483647;
			files = (
				7308235C1BB1F9970055378C /* ConversationsViewController.m in Sources */,
				7308233A1BB1E9150055378C /* AppDelegate.m in Sources */,
				730823371BB1E9150055378C /* main.m in Sources */,
			);
			runOnlyForDeploymentPostprocessing = 0;
		};
		730823461BB1E9160055378C /* Sources */ = {
			isa = PBXSourcesBuildPhase;
			buildActionMask = 2147483647;
			files = (
				730823511BB1E9160055378C /* BlocTalkTests.m in Sources */,
			);
			runOnlyForDeploymentPostprocessing = 0;
		};
/* End PBXSourcesBuildPhase section */

/* Begin PBXTargetDependency section */
		7308234C1BB1E9160055378C /* PBXTargetDependency */ = {
			isa = PBXTargetDependency;
			target = 730823301BB1E9150055378C /* BlocTalk */;
			targetProxy = 7308234B1BB1E9160055378C /* PBXContainerItemProxy */;
		};
/* End PBXTargetDependency section */

/* Begin PBXVariantGroup section */
		7308233E1BB1E9150055378C /* Main.storyboard */ = {
			isa = PBXVariantGroup;
			children = (
				7308233F1BB1E9150055378C /* Base */,
			);
			name = Main.storyboard;
			sourceTree = "<group>";
		};
		730823431BB1E9150055378C /* LaunchScreen.xib */ = {
			isa = PBXVariantGroup;
			children = (
				730823441BB1E9150055378C /* Base */,
			);
			name = LaunchScreen.xib;
			sourceTree = "<group>";
		};
/* End PBXVariantGroup section */

/* Begin XCBuildConfiguration section */
		730823521BB1E9160055378C /* Debug */ = {
			isa = XCBuildConfiguration;
			buildSettings = {
				ALWAYS_SEARCH_USER_PATHS = NO;
				CLANG_CXX_LANGUAGE_STANDARD = "gnu++0x";
				CLANG_CXX_LIBRARY = "libc++";
				CLANG_ENABLE_MODULES = YES;
				CLANG_ENABLE_OBJC_ARC = YES;
				CLANG_WARN_BOOL_CONVERSION = YES;
				CLANG_WARN_CONSTANT_CONVERSION = YES;
				CLANG_WARN_DIRECT_OBJC_ISA_USAGE = YES_ERROR;
				CLANG_WARN_EMPTY_BODY = YES;
				CLANG_WARN_ENUM_CONVERSION = YES;
				CLANG_WARN_INT_CONVERSION = YES;
				CLANG_WARN_OBJC_ROOT_CLASS = YES_ERROR;
				CLANG_WARN_UNREACHABLE_CODE = YES;
				CLANG_WARN__DUPLICATE_METHOD_MATCH = YES;
				"CODE_SIGN_IDENTITY[sdk=iphoneos*]" = "iPhone Developer";
				COPY_PHASE_STRIP = NO;
				DEBUG_INFORMATION_FORMAT = "dwarf-with-dsym";
				ENABLE_STRICT_OBJC_MSGSEND = YES;
				GCC_C_LANGUAGE_STANDARD = gnu99;
				GCC_DYNAMIC_NO_PIC = NO;
				GCC_NO_COMMON_BLOCKS = YES;
				GCC_OPTIMIZATION_LEVEL = 0;
				GCC_PREPROCESSOR_DEFINITIONS = (
					"DEBUG=1",
					"$(inherited)",
				);
				GCC_SYMBOLS_PRIVATE_EXTERN = NO;
				GCC_WARN_64_TO_32_BIT_CONVERSION = YES;
				GCC_WARN_ABOUT_RETURN_TYPE = YES_ERROR;
				GCC_WARN_UNDECLARED_SELECTOR = YES;
				GCC_WARN_UNINITIALIZED_AUTOS = YES_AGGRESSIVE;
				GCC_WARN_UNUSED_FUNCTION = YES;
				GCC_WARN_UNUSED_VARIABLE = YES;
				IPHONEOS_DEPLOYMENT_TARGET = 8.3;
				MTL_ENABLE_DEBUG_INFO = YES;
				ONLY_ACTIVE_ARCH = YES;
				SDKROOT = iphoneos;
			};
			name = Debug;
		};
		730823531BB1E9160055378C /* Release */ = {
			isa = XCBuildConfiguration;
			buildSettings = {
				ALWAYS_SEARCH_USER_PATHS = NO;
				CLANG_CXX_LANGUAGE_STANDARD = "gnu++0x";
				CLANG_CXX_LIBRARY = "libc++";
				CLANG_ENABLE_MODULES = YES;
				CLANG_ENABLE_OBJC_ARC = YES;
				CLANG_WARN_BOOL_CONVERSION = YES;
				CLANG_WARN_CONSTANT_CONVERSION = YES;
				CLANG_WARN_DIRECT_OBJC_ISA_USAGE = YES_ERROR;
				CLANG_WARN_EMPTY_BODY = YES;
				CLANG_WARN_ENUM_CONVERSION = YES;
				CLANG_WARN_INT_CONVERSION = YES;
				CLANG_WARN_OBJC_ROOT_CLASS = YES_ERROR;
				CLANG_WARN_UNREACHABLE_CODE = YES;
				CLANG_WARN__DUPLICATE_METHOD_MATCH = YES;
				"CODE_SIGN_IDENTITY[sdk=iphoneos*]" = "iPhone Developer";
				COPY_PHASE_STRIP = NO;
				DEBUG_INFORMATION_FORMAT = "dwarf-with-dsym";
				ENABLE_NS_ASSERTIONS = NO;
				ENABLE_STRICT_OBJC_MSGSEND = YES;
				GCC_C_LANGUAGE_STANDARD = gnu99;
				GCC_NO_COMMON_BLOCKS = YES;
				GCC_WARN_64_TO_32_BIT_CONVERSION = YES;
				GCC_WARN_ABOUT_RETURN_TYPE = YES_ERROR;
				GCC_WARN_UNDECLARED_SELECTOR = YES;
				GCC_WARN_UNINITIALIZED_AUTOS = YES_AGGRESSIVE;
				GCC_WARN_UNUSED_FUNCTION = YES;
				GCC_WARN_UNUSED_VARIABLE = YES;
				IPHONEOS_DEPLOYMENT_TARGET = 8.3;
				MTL_ENABLE_DEBUG_INFO = NO;
				SDKROOT = iphoneos;
				VALIDATE_PRODUCT = YES;
			};
			name = Release;
		};
		730823551BB1E9160055378C /* Debug */ = {
			isa = XCBuildConfiguration;
			buildSettings = {
				ASSETCATALOG_COMPILER_APPICON_NAME = AppIcon;
				INFOPLIST_FILE = BlocTalk/Info.plist;
				LD_RUNPATH_SEARCH_PATHS = "$(inherited) @executable_path/Frameworks";
				PRODUCT_NAME = "$(TARGET_NAME)";
			};
			name = Debug;
		};
		730823561BB1E9160055378C /* Release */ = {
			isa = XCBuildConfiguration;
			buildSettings = {
				ASSETCATALOG_COMPILER_APPICON_NAME = AppIcon;
				INFOPLIST_FILE = BlocTalk/Info.plist;
				LD_RUNPATH_SEARCH_PATHS = "$(inherited) @executable_path/Frameworks";
				PRODUCT_NAME = "$(TARGET_NAME)";
			};
			name = Release;
		};
		730823581BB1E9160055378C /* Debug */ = {
			isa = XCBuildConfiguration;
			buildSettings = {
				BUNDLE_LOADER = "$(TEST_HOST)";
				FRAMEWORK_SEARCH_PATHS = (
					"$(SDKROOT)/Developer/Library/Frameworks",
					"$(inherited)",
				);
				GCC_PREPROCESSOR_DEFINITIONS = (
					"DEBUG=1",
					"$(inherited)",
				);
				INFOPLIST_FILE = BlocTalkTests/Info.plist;
				LD_RUNPATH_SEARCH_PATHS = "$(inherited) @executable_path/Frameworks @loader_path/Frameworks";
				PRODUCT_NAME = "$(TARGET_NAME)";
				TEST_HOST = "$(BUILT_PRODUCTS_DIR)/BlocTalk.app/BlocTalk";
			};
			name = Debug;
		};
		730823591BB1E9160055378C /* Release */ = {
			isa = XCBuildConfiguration;
			buildSettings = {
				BUNDLE_LOADER = "$(TEST_HOST)";
				FRAMEWORK_SEARCH_PATHS = (
					"$(SDKROOT)/Developer/Library/Frameworks",
					"$(inherited)",
				);
				INFOPLIST_FILE = BlocTalkTests/Info.plist;
				LD_RUNPATH_SEARCH_PATHS = "$(inherited) @executable_path/Frameworks @loader_path/Frameworks";
				PRODUCT_NAME = "$(TARGET_NAME)";
				TEST_HOST = "$(BUILT_PRODUCTS_DIR)/BlocTalk.app/BlocTalk";
			};
			name = Release;
		};
/* End XCBuildConfiguration section */

/* Begin XCConfigurationList section */
		7308232C1BB1E9150055378C /* Build configuration list for PBXProject "BlocTalk" */ = {
			isa = XCConfigurationList;
			buildConfigurations = (
				730823521BB1E9160055378C /* Debug */,
				730823531BB1E9160055378C /* Release */,
			);
			defaultConfigurationIsVisible = 0;
			defaultConfigurationName = Release;
		};
		730823541BB1E9160055378C /* Build configuration list for PBXNativeTarget "BlocTalk" */ = {
			isa = XCConfigurationList;
			buildConfigurations = (
				730823551BB1E9160055378C /* Debug */,
				730823561BB1E9160055378C /* Release */,
			);
			defaultConfigurationIsVisible = 0;
		};
		730823571BB1E9160055378C /* Build configuration list for PBXNativeTarget "BlocTalkTests" */ = {
			isa = XCConfigurationList;
			buildConfigurations = (
				730823581BB1E9160055378C /* Debug */,
				730823591BB1E9160055378C /* Release */,
			);
			defaultConfigurationIsVisible = 0;
		};
/* End XCConfigurationList section */
	};
	rootObject = 730823291BB1E9150055378C /* Project object */;
}
